
Microsoft Visual Studio Solution File, Format Version 12.00
# Visual Studio Version 17
VisualStudioVersion = 17.13.35919.96
MinimumVisualStudioVersion = 10.0.40219.1
Project("{FAE04EC0-301F-11D3-BF4B-00C04F79EFBC}") = "HayvanHastanesi", "HayvanHastanesi\HayvanHastanesi.csproj", "{212D7D4A-AEA2-47EA-9867-383912ECE761}"
EndProject
Project("{FAE04EC0-301F-11D3-BF4B-00C04F79EFBC}") = "Data", "Data\Data.csproj", "{AE49D5CE-48E2-4EC8-8A36-41F88F838592}"
EndProject
Project("{FAE04EC0-301F-11D3-BF4B-00C04F79EFBC}") = "Models", "Models\Models.csproj", "{C2489465-42BC-40BA-9C81-787E344AE0D0}"
EndProject
Project("{2150E333-8FDC-42A3-9474-1A3956D46DE8}") = "Solution Items", "Solution Items", "{8EC462FD-D22E-90A8-E5CE-7E832BA40C5D}"
	ProjectSection(SolutionItems) = preProject
		Yapılacaklar.txt = Yapılacaklar.txt
	EndProjectSection
EndProject
Global
	GlobalSection(SolutionConfigurationPlatforms) = preSolution
		Debug|Any CPU = Debug|Any CPU
		Release|Any CPU = Release|Any CPU
	EndGlobalSection
	GlobalSection(ProjectConfigurationPlatforms) = postSolution
		{212D7D4A-AEA2-47EA-9867-383912ECE761}.Debug|Any CPU.ActiveCfg = Debug|Any CPU
		{212D7D4A-AEA2-47EA-9867-383912ECE761}.Debug|Any CPU.Build.0 = Debug|Any CPU
		{212D7D4A-AEA2-47EA-9867-383912ECE761}.Release|Any CPU.ActiveCfg = Release|Any CPU
		{212D7D4A-AEA2-47EA-9867-383912ECE761}.Release|Any CPU.Build.0 = Release|Any CPU
		{AE49D5CE-48E2-4EC8-8A36-41F88F838592}.Debug|Any CPU.ActiveCfg = Debug|Any CPU
		{AE49D5CE-48E2-4EC8-8A36-41F88F838592}.Debug|Any CPU.Build.0 = Debug|Any CPU
		{AE49D5CE-48E2-4EC8-8A36-41F88F838592}.Release|Any CPU.ActiveCfg = Release|Any CPU
		{AE49D5CE-48E2-4EC8-8A36-41F88F838592}.Release|Any CPU.Build.0 = Release|Any CPU
		{C2489465-42BC-40BA-9C81-787E344AE0D0}.Debug|Any CPU.ActiveCfg = Debug|Any CPU
		{C2489465-42BC-40BA-9C81-787E344AE0D0}.Debug|Any CPU.Build.0 = Debug|Any CPU
		{C2489465-42BC-40BA-9C81-787E344AE0D0}.Release|Any CPU.ActiveCfg = Release|Any CPU
		{C2489465-42BC-40BA-9C81-787E344AE0D0}.Release|Any CPU.Build.0 = Release|Any CPU
	EndGlobalSection
	GlobalSection(SolutionProperties) = preSolution
		HideSolutionNode = FALSE
	EndGlobalSection
	GlobalSection(ExtensibilityGlobals) = postSolution
		SolutionGuid = {E59F6FBD-7638-4A7E-A912-822879ADDD8B}
	EndGlobalSection
EndGlobal
